
Microsoft Visual Studio Solution File, Format Version 12.00
# Visual Studio Version 16
VisualStudioVersion = 16.0.29613.14
MinimumVisualStudioVersion = 10.0.40219.1
Project("{2150E333-8FDC-42A3-9474-1A3956D46DE8}") = "Modules", "Modules", "{C98948C7-1EF3-4211-B436-AED31CAA60D8}"
EndProject
Project("{2150E333-8FDC-42A3-9474-1A3956D46DE8}") = "Core", "Core", "{C1BF7F7F-BAA4-4399-9FA6-015EAE76ACC6}"
EndProject
Project("{9A19103F-16F7-4668-BE54-9A1E7A4F7556}") = "DentalClinicAPI", "DentalClinicAPI\DentalClinicAPI.csproj", "{7CC1EA62-39E3-48EB-9002-4C29456209B7}"
EndProject
Project("{2150E333-8FDC-42A3-9474-1A3956D46DE8}") = "AppFrontEnd", "AppFrontEnd", "{057F42E2-BD8E-4325-A89E-6018A64B8B9F}"
	ProjectSection(SolutionItems) = preProject
		..\AppFrontEnd\.vs\slnx.sqlite = ..\AppFrontEnd\.vs\slnx.sqlite
		..\AppFrontEnd\.vs\VSWorkspaceState.json = ..\AppFrontEnd\.vs\VSWorkspaceState.json
	EndProjectSection
EndProject
Project("{9A19103F-16F7-4668-BE54-9A1E7A4F7556}") = "DBModels", "Core\DBModels\DBModels.csproj", "{1A51A10B-0F8A-4101-8AA0-FBDD0F49CC92}"
EndProject
Project("{9A19103F-16F7-4668-BE54-9A1E7A4F7556}") = "Enums", "Core\Enums\Enums.csproj", "{CE92D07E-67A3-4984-A3ED-643272D454C1}"
EndProject
Project("{9A19103F-16F7-4668-BE54-9A1E7A4F7556}") = "AppDBContext", "Core\DBContext\AppDBContext.csproj", "{C035B670-EA24-4EC6-87FC-70139C1DCF6F}"
EndProject
Project("{9A19103F-16F7-4668-BE54-9A1E7A4F7556}") = "Infrastructure", "Core\Infrastructure\Infrastructure.csproj", "{5E729E95-A873-4E10-B316-3BBE9969A184}"
EndProject
Project("{9A19103F-16F7-4668-BE54-9A1E7A4F7556}") = "Request", "Core\Request\Request.csproj", "{24B47F35-FF1E-4907-AA72-A5ED54CCBDA5}"
EndProject
Project("{9A19103F-16F7-4668-BE54-9A1E7A4F7556}") = "DTOs", "Core\DTOs\DTOs.csproj", "{3D866F87-1ADD-4D73-A389-A1AA8248D79C}"
EndProject
Project("{9A19103F-16F7-4668-BE54-9A1E7A4F7556}") = "MedicalHistoryModule", "Modules\MedicalHistoryModule\MedicalHistoryModule.csproj", "{05C74D71-A0ED-4775-A497-6AF605BADCD1}"
EndProject
Project("{9A19103F-16F7-4668-BE54-9A1E7A4F7556}") = "UserModule", "Modules\UserModule\UserModule.csproj", "{ED3AE412-8F13-45CA-A49B-40D3AEEBB616}"
EndProject
Project("{9A19103F-16F7-4668-BE54-9A1E7A4F7556}") = "ClinicModule", "Modules\ClinicModule\ClinicModule.csproj", "{C778C389-E16A-40FC-A80F-1D36B6B113F0}"
EndProject
Project("{9A19103F-16F7-4668-BE54-9A1E7A4F7556}") = "AppointmentAdditionModule", "Modules\AppointmentAdditionModule\AppointmentAdditionModule.csproj", "{05F9DA91-4302-432C-B7F6-0B125C145362}"
EndProject
Project("{9A19103F-16F7-4668-BE54-9A1E7A4F7556}") = "AppointmentCategoryModule", "Modules\AppointmentCategoryModule\AppointmentCategoryModule.csproj", "{C7D9617A-EDAC-4F66-A95A-C4D46D7E6BB1}"
EndProject
Project("{9A19103F-16F7-4668-BE54-9A1E7A4F7556}") = "ExpenseModule", "Modules\ExpenseModule\ExpenseModule.csproj", "{16D79BE9-E992-4191-B547-C76856523CDD}"
EndProject
Project("{9A19103F-16F7-4668-BE54-9A1E7A4F7556}") = "PatientModule", "Modules\PatientModule\PatientModule.csproj", "{AF1532A2-D0FC-4A1F-874F-EE570364A02B}"
EndProject
Project("{9A19103F-16F7-4668-BE54-9A1E7A4F7556}") = "AppointmentModule", "Modules\AppointmentModule\AppointmentModule.csproj", "{BDDAFEDD-5194-4ECF-AB01-52662B85F40B}"
EndProject
Project("{9A19103F-16F7-4668-BE54-9A1E7A4F7556}") = "ReportModule", "Modules\ReportModule\ReportModule.csproj", "{65298C20-F4A6-4F4A-A708-141525F660E8}"
EndProject
Global
	GlobalSection(SolutionConfigurationPlatforms) = preSolution
		Debug|Any CPU = Debug|Any CPU
		Release|Any CPU = Release|Any CPU
	EndGlobalSection
	GlobalSection(ProjectConfigurationPlatforms) = postSolution
		{7CC1EA62-39E3-48EB-9002-4C29456209B7}.Debug|Any CPU.ActiveCfg = Debug|Any CPU
		{7CC1EA62-39E3-48EB-9002-4C29456209B7}.Debug|Any CPU.Build.0 = Debug|Any CPU
		{7CC1EA62-39E3-48EB-9002-4C29456209B7}.Release|Any CPU.ActiveCfg = Release|Any CPU
		{7CC1EA62-39E3-48EB-9002-4C29456209B7}.Release|Any CPU.Build.0 = Release|Any CPU
		{1A51A10B-0F8A-4101-8AA0-FBDD0F49CC92}.Debug|Any CPU.ActiveCfg = Debug|Any CPU
		{1A51A10B-0F8A-4101-8AA0-FBDD0F49CC92}.Debug|Any CPU.Build.0 = Debug|Any CPU
		{1A51A10B-0F8A-4101-8AA0-FBDD0F49CC92}.Release|Any CPU.ActiveCfg = Release|Any CPU
		{1A51A10B-0F8A-4101-8AA0-FBDD0F49CC92}.Release|Any CPU.Build.0 = Release|Any CPU
		{CE92D07E-67A3-4984-A3ED-643272D454C1}.Debug|Any CPU.ActiveCfg = Debug|Any CPU
		{CE92D07E-67A3-4984-A3ED-643272D454C1}.Debug|Any CPU.Build.0 = Debug|Any CPU
		{CE92D07E-67A3-4984-A3ED-643272D454C1}.Release|Any CPU.ActiveCfg = Release|Any CPU
		{CE92D07E-67A3-4984-A3ED-643272D454C1}.Release|Any CPU.Build.0 = Release|Any CPU
		{C035B670-EA24-4EC6-87FC-70139C1DCF6F}.Debug|Any CPU.ActiveCfg = Debug|Any CPU
		{C035B670-EA24-4EC6-87FC-70139C1DCF6F}.Debug|Any CPU.Build.0 = Debug|Any CPU
		{C035B670-EA24-4EC6-87FC-70139C1DCF6F}.Release|Any CPU.ActiveCfg = Release|Any CPU
		{C035B670-EA24-4EC6-87FC-70139C1DCF6F}.Release|Any CPU.Build.0 = Release|Any CPU
		{5E729E95-A873-4E10-B316-3BBE9969A184}.Debug|Any CPU.ActiveCfg = Debug|Any CPU
		{5E729E95-A873-4E10-B316-3BBE9969A184}.Debug|Any CPU.Build.0 = Debug|Any CPU
		{5E729E95-A873-4E10-B316-3BBE9969A184}.Release|Any CPU.ActiveCfg = Release|Any CPU
		{5E729E95-A873-4E10-B316-3BBE9969A184}.Release|Any CPU.Build.0 = Release|Any CPU
		{24B47F35-FF1E-4907-AA72-A5ED54CCBDA5}.Debug|Any CPU.ActiveCfg = Debug|Any CPU
		{24B47F35-FF1E-4907-AA72-A5ED54CCBDA5}.Debug|Any CPU.Build.0 = Debug|Any CPU
		{24B47F35-FF1E-4907-AA72-A5ED54CCBDA5}.Release|Any CPU.ActiveCfg = Release|Any CPU
		{24B47F35-FF1E-4907-AA72-A5ED54CCBDA5}.Release|Any CPU.Build.0 = Release|Any CPU
		{3D866F87-1ADD-4D73-A389-A1AA8248D79C}.Debug|Any CPU.ActiveCfg = Debug|Any CPU
		{3D866F87-1ADD-4D73-A389-A1AA8248D79C}.Debug|Any CPU.Build.0 = Debug|Any CPU
		{3D866F87-1ADD-4D73-A389-A1AA8248D79C}.Release|Any CPU.ActiveCfg = Release|Any CPU
		{3D866F87-1ADD-4D73-A389-A1AA8248D79C}.Release|Any CPU.Build.0 = Release|Any CPU
		{05C74D71-A0ED-4775-A497-6AF605BADCD1}.Debug|Any CPU.ActiveCfg = Debug|Any CPU
		{05C74D71-A0ED-4775-A497-6AF605BADCD1}.Debug|Any CPU.Build.0 = Debug|Any CPU
		{05C74D71-A0ED-4775-A497-6AF605BADCD1}.Release|Any CPU.ActiveCfg = Release|Any CPU
		{05C74D71-A0ED-4775-A497-6AF605BADCD1}.Release|Any CPU.Build.0 = Release|Any CPU
		{ED3AE412-8F13-45CA-A49B-40D3AEEBB616}.Debug|Any CPU.ActiveCfg = Debug|Any CPU
		{ED3AE412-8F13-45CA-A49B-40D3AEEBB616}.Debug|Any CPU.Build.0 = Debug|Any CPU
		{ED3AE412-8F13-45CA-A49B-40D3AEEBB616}.Release|Any CPU.ActiveCfg = Release|Any CPU
		{ED3AE412-8F13-45CA-A49B-40D3AEEBB616}.Release|Any CPU.Build.0 = Release|Any CPU
		{C778C389-E16A-40FC-A80F-1D36B6B113F0}.Debug|Any CPU.ActiveCfg = Debug|Any CPU
		{C778C389-E16A-40FC-A80F-1D36B6B113F0}.Debug|Any CPU.Build.0 = Debug|Any CPU
		{C778C389-E16A-40FC-A80F-1D36B6B113F0}.Release|Any CPU.ActiveCfg = Release|Any CPU
		{C778C389-E16A-40FC-A80F-1D36B6B113F0}.Release|Any CPU.Build.0 = Release|Any CPU
		{05F9DA91-4302-432C-B7F6-0B125C145362}.Debug|Any CPU.ActiveCfg = Debug|Any CPU
		{05F9DA91-4302-432C-B7F6-0B125C145362}.Debug|Any CPU.Build.0 = Debug|Any CPU
		{05F9DA91-4302-432C-B7F6-0B125C145362}.Release|Any CPU.ActiveCfg = Release|Any CPU
		{05F9DA91-4302-432C-B7F6-0B125C145362}.Release|Any CPU.Build.0 = Release|Any CPU
		{C7D9617A-EDAC-4F66-A95A-C4D46D7E6BB1}.Debug|Any CPU.ActiveCfg = Debug|Any CPU
		{C7D9617A-EDAC-4F66-A95A-C4D46D7E6BB1}.Debug|Any CPU.Build.0 = Debug|Any CPU
		{C7D9617A-EDAC-4F66-A95A-C4D46D7E6BB1}.Release|Any CPU.ActiveCfg = Release|Any CPU
		{C7D9617A-EDAC-4F66-A95A-C4D46D7E6BB1}.Release|Any CPU.Build.0 = Release|Any CPU
		{16D79BE9-E992-4191-B547-C76856523CDD}.Debug|Any CPU.ActiveCfg = Debug|Any CPU
		{16D79BE9-E992-4191-B547-C76856523CDD}.Debug|Any CPU.Build.0 = Debug|Any CPU
		{16D79BE9-E992-4191-B547-C76856523CDD}.Release|Any CPU.ActiveCfg = Release|Any CPU
		{16D79BE9-E992-4191-B547-C76856523CDD}.Release|Any CPU.Build.0 = Release|Any CPU
		{AF1532A2-D0FC-4A1F-874F-EE570364A02B}.Debug|Any CPU.ActiveCfg = Debug|Any CPU
		{AF1532A2-D0FC-4A1F-874F-EE570364A02B}.Debug|Any CPU.Build.0 = Debug|Any CPU
		{AF1532A2-D0FC-4A1F-874F-EE570364A02B}.Release|Any CPU.ActiveCfg = Release|Any CPU
		{AF1532A2-D0FC-4A1F-874F-EE570364A02B}.Release|Any CPU.Build.0 = Release|Any CPU
		{BDDAFEDD-5194-4ECF-AB01-52662B85F40B}.Debug|Any CPU.ActiveCfg = Debug|Any CPU
		{BDDAFEDD-5194-4ECF-AB01-52662B85F40B}.Debug|Any CPU.Build.0 = Debug|Any CPU
		{BDDAFEDD-5194-4ECF-AB01-52662B85F40B}.Release|Any CPU.ActiveCfg = Release|Any CPU
		{BDDAFEDD-5194-4ECF-AB01-52662B85F40B}.Release|Any CPU.Build.0 = Release|Any CPU
		{65298C20-F4A6-4F4A-A708-141525F660E8}.Debug|Any CPU.ActiveCfg = Debug|Any CPU
		{65298C20-F4A6-4F4A-A708-141525F660E8}.Debug|Any CPU.Build.0 = Debug|Any CPU
		{65298C20-F4A6-4F4A-A708-141525F660E8}.Release|Any CPU.ActiveCfg = Release|Any CPU
		{65298C20-F4A6-4F4A-A708-141525F660E8}.Release|Any CPU.Build.0 = Release|Any CPU
	EndGlobalSection
	GlobalSection(SolutionProperties) = preSolution
		HideSolutionNode = FALSE
	EndGlobalSection
	GlobalSection(NestedProjects) = preSolution
		{1A51A10B-0F8A-4101-8AA0-FBDD0F49CC92} = {C1BF7F7F-BAA4-4399-9FA6-015EAE76ACC6}
		{CE92D07E-67A3-4984-A3ED-643272D454C1} = {C1BF7F7F-BAA4-4399-9FA6-015EAE76ACC6}
		{C035B670-EA24-4EC6-87FC-70139C1DCF6F} = {C1BF7F7F-BAA4-4399-9FA6-015EAE76ACC6}
		{5E729E95-A873-4E10-B316-3BBE9969A184} = {C1BF7F7F-BAA4-4399-9FA6-015EAE76ACC6}
		{24B47F35-FF1E-4907-AA72-A5ED54CCBDA5} = {C1BF7F7F-BAA4-4399-9FA6-015EAE76ACC6}
		{3D866F87-1ADD-4D73-A389-A1AA8248D79C} = {C1BF7F7F-BAA4-4399-9FA6-015EAE76ACC6}
		{05C74D71-A0ED-4775-A497-6AF605BADCD1} = {C98948C7-1EF3-4211-B436-AED31CAA60D8}
		{ED3AE412-8F13-45CA-A49B-40D3AEEBB616} = {C98948C7-1EF3-4211-B436-AED31CAA60D8}
		{C778C389-E16A-40FC-A80F-1D36B6B113F0} = {C98948C7-1EF3-4211-B436-AED31CAA60D8}
		{05F9DA91-4302-432C-B7F6-0B125C145362} = {C98948C7-1EF3-4211-B436-AED31CAA60D8}
		{C7D9617A-EDAC-4F66-A95A-C4D46D7E6BB1} = {C98948C7-1EF3-4211-B436-AED31CAA60D8}
		{16D79BE9-E992-4191-B547-C76856523CDD} = {C98948C7-1EF3-4211-B436-AED31CAA60D8}
		{AF1532A2-D0FC-4A1F-874F-EE570364A02B} = {C98948C7-1EF3-4211-B436-AED31CAA60D8}
		{BDDAFEDD-5194-4ECF-AB01-52662B85F40B} = {C98948C7-1EF3-4211-B436-AED31CAA60D8}
		{65298C20-F4A6-4F4A-A708-141525F660E8} = {C98948C7-1EF3-4211-B436-AED31CAA60D8}
	EndGlobalSection
	GlobalSection(ExtensibilityGlobals) = postSolution
		SolutionGuid = {DA631DA6-E454-425F-BD56-098F19C13FF8}
	EndGlobalSection
EndGlobal
